
Microsoft Visual Studio Solution File, Format Version 12.00
# Visual Studio Version 16
VisualStudioVersion = 16.0.32929.386
MinimumVisualStudioVersion = 10.0.40219.1
Project("{FAE04EC0-301F-11D3-BF4B-00C04F79EFBC}") = "WebApplicationEU", "WebApplicationEU\WebApplicationEU.csproj", "{169E3863-4F63-418B-A9F7-961173501CCF}"
EndProject
Global
	GlobalSection(SolutionConfigurationPlatforms) = preSolution
		Debug|Any CPU = Debug|Any CPU
		Release|Any CPU = Release|Any CPU
	EndGlobalSection
	GlobalSection(ProjectConfigurationPlatforms) = postSolution
		{169E3863-4F63-418B-A9F7-961173501CCF}.Debug|Any CPU.ActiveCfg = Debug|Any CPU
		{169E3863-4F63-418B-A9F7-961173501CCF}.Debug|Any CPU.Build.0 = Debug|Any CPU
		{169E3863-4F63-418B-A9F7-961173501CCF}.Release|Any CPU.ActiveCfg = Release|Any CPU
		{169E3863-4F63-418B-A9F7-961173501CCF}.Release|Any CPU.Build.0 = Release|Any CPU
	EndGlobalSection
	GlobalSection(SolutionProperties) = preSolution
		HideSolutionNode = FALSE
	EndGlobalSection
	GlobalSection(ExtensibilityGlobals) = postSolution
		SolutionGuid = {1C752270-14F4-4C4B-9F4D-7F154F917CC2}
	EndGlobalSection
EndGlobal
